
Microsoft Visual Studio Solution File, Format Version 12.00
# Visual Studio Version 16
VisualStudioVersion = 16.0.30011.22
MinimumVisualStudioVersion = 10.0.40219.1
Project("{FAE04EC0-301F-11D3-BF4B-00C04F79EFBC}") = "methodAssign2", "methodAssign2\methodAssign2.csproj", "{98E09296-FEEE-4E58-B766-FF433BED8C33}"
EndProject
Global
	GlobalSection(SolutionConfigurationPlatforms) = preSolution
		Debug|Any CPU = Debug|Any CPU
		Release|Any CPU = Release|Any CPU
	EndGlobalSection
	GlobalSection(ProjectConfigurationPlatforms) = postSolution
		{98E09296-FEEE-4E58-B766-FF433BED8C33}.Debug|Any CPU.ActiveCfg = Debug|Any CPU
		{98E09296-FEEE-4E58-B766-FF433BED8C33}.Debug|Any CPU.Build.0 = Debug|Any CPU
		{98E09296-FEEE-4E58-B766-FF433BED8C33}.Release|Any CPU.ActiveCfg = Release|Any CPU
		{98E09296-FEEE-4E58-B766-FF433BED8C33}.Release|Any CPU.Build.0 = Release|Any CPU
	EndGlobalSection
	GlobalSection(SolutionProperties) = preSolution
		HideSolutionNode = FALSE
	EndGlobalSection
	GlobalSection(ExtensibilityGlobals) = postSolution
		SolutionGuid = {475C8BA9-184C-4860-8BEC-151D335F117E}
	EndGlobalSection
EndGlobal
