
Microsoft Visual Studio Solution File, Format Version 12.00
# Visual Studio Version 16
VisualStudioVersion = 16.0.30011.22
MinimumVisualStudioVersion = 10.0.40219.1
Project("{FAE04EC0-301F-11D3-BF4B-00C04F79EFBC}") = "MethodAssign", "MethodAssign\MethodAssign.csproj", "{F72B2519-F113-46C0-8FD3-B6EBD39EAD9F}"
EndProject
Global
	GlobalSection(SolutionConfigurationPlatforms) = preSolution
		Debug|Any CPU = Debug|Any CPU
		Release|Any CPU = Release|Any CPU
	EndGlobalSection
	GlobalSection(ProjectConfigurationPlatforms) = postSolution
		{F72B2519-F113-46C0-8FD3-B6EBD39EAD9F}.Debug|Any CPU.ActiveCfg = Debug|Any CPU
		{F72B2519-F113-46C0-8FD3-B6EBD39EAD9F}.Debug|Any CPU.Build.0 = Debug|Any CPU
		{F72B2519-F113-46C0-8FD3-B6EBD39EAD9F}.Release|Any CPU.ActiveCfg = Release|Any CPU
		{F72B2519-F113-46C0-8FD3-B6EBD39EAD9F}.Release|Any CPU.Build.0 = Release|Any CPU
	EndGlobalSection
	GlobalSection(SolutionProperties) = preSolution
		HideSolutionNode = FALSE
	EndGlobalSection
	GlobalSection(ExtensibilityGlobals) = postSolution
		SolutionGuid = {1ED192DD-019B-4128-B80E-D4C33DD469C1}
	EndGlobalSection
EndGlobal
