
Microsoft Visual Studio Solution File, Format Version 12.00
# Visual Studio Version 16
VisualStudioVersion = 16.0.30011.22
MinimumVisualStudioVersion = 10.0.40219.1
Project("{FAE04EC0-301F-11D3-BF4B-00C04F79EFBC}") = "fileLog", "fileLog\fileLog.csproj", "{D4B5EFBC-5F80-486A-B4C4-55DDF783B795}"
EndProject
Global
	GlobalSection(SolutionConfigurationPlatforms) = preSolution
		Debug|Any CPU = Debug|Any CPU
		Release|Any CPU = Release|Any CPU
	EndGlobalSection
	GlobalSection(ProjectConfigurationPlatforms) = postSolution
		{D4B5EFBC-5F80-486A-B4C4-55DDF783B795}.Debug|Any CPU.ActiveCfg = Debug|Any CPU
		{D4B5EFBC-5F80-486A-B4C4-55DDF783B795}.Debug|Any CPU.Build.0 = Debug|Any CPU
		{D4B5EFBC-5F80-486A-B4C4-55DDF783B795}.Release|Any CPU.ActiveCfg = Release|Any CPU
		{D4B5EFBC-5F80-486A-B4C4-55DDF783B795}.Release|Any CPU.Build.0 = Release|Any CPU
	EndGlobalSection
	GlobalSection(SolutionProperties) = preSolution
		HideSolutionNode = FALSE
	EndGlobalSection
	GlobalSection(ExtensibilityGlobals) = postSolution
		SolutionGuid = {59398390-497F-4654-AEE1-B42E26F83F66}
	EndGlobalSection
EndGlobal
