
Microsoft Visual Studio Solution File, Format Version 12.00
# Visual Studio Version 16
VisualStudioVersion = 16.0.30011.22
MinimumVisualStudioVersion = 10.0.40219.1
Project("{FAE04EC0-301F-11D3-BF4B-00C04F79EFBC}") = "overloadEquals", "overloadEquals\overloadEquals.csproj", "{61D6D8DA-4A60-4C18-8737-2A1DA993166C}"
EndProject
Global
	GlobalSection(SolutionConfigurationPlatforms) = preSolution
		Debug|Any CPU = Debug|Any CPU
		Release|Any CPU = Release|Any CPU
	EndGlobalSection
	GlobalSection(ProjectConfigurationPlatforms) = postSolution
		{61D6D8DA-4A60-4C18-8737-2A1DA993166C}.Debug|Any CPU.ActiveCfg = Debug|Any CPU
		{61D6D8DA-4A60-4C18-8737-2A1DA993166C}.Debug|Any CPU.Build.0 = Debug|Any CPU
		{61D6D8DA-4A60-4C18-8737-2A1DA993166C}.Release|Any CPU.ActiveCfg = Release|Any CPU
		{61D6D8DA-4A60-4C18-8737-2A1DA993166C}.Release|Any CPU.Build.0 = Release|Any CPU
	EndGlobalSection
	GlobalSection(SolutionProperties) = preSolution
		HideSolutionNode = FALSE
	EndGlobalSection
	GlobalSection(ExtensibilityGlobals) = postSolution
		SolutionGuid = {4BA23754-3721-4347-9675-A9F197831390}
	EndGlobalSection
EndGlobal
